
Microsoft Visual Studio Solution File, Format Version 12.00
# Visual Studio Version 16
VisualStudioVersion = 16.0.32106.194
MinimumVisualStudioVersion = 10.0.40219.1
Project("{FAE04EC0-301F-11D3-BF4B-00C04F79EFBC}") = "Expression", "Expression.csproj", "{37004BD7-D8E9-48F2-AFFC-370A08556F4C}"
EndProject
Global
	GlobalSection(SolutionConfigurationPlatforms) = preSolution
		Debug|Any CPU = Debug|Any CPU
		Release|Any CPU = Release|Any CPU
	EndGlobalSection
	GlobalSection(ProjectConfigurationPlatforms) = postSolution
		{37004BD7-D8E9-48F2-AFFC-370A08556F4C}.Debug|Any CPU.ActiveCfg = Debug|Any CPU
		{37004BD7-D8E9-48F2-AFFC-370A08556F4C}.Debug|Any CPU.Build.0 = Debug|Any CPU
		{37004BD7-D8E9-48F2-AFFC-370A08556F4C}.Release|Any CPU.ActiveCfg = Release|Any CPU
		{37004BD7-D8E9-48F2-AFFC-370A08556F4C}.Release|Any CPU.Build.0 = Release|Any CPU
	EndGlobalSection
	GlobalSection(SolutionProperties) = preSolution
		HideSolutionNode = FALSE
	EndGlobalSection
	GlobalSection(ExtensibilityGlobals) = postSolution
		SolutionGuid = {E7568154-30D6-464C-94B4-402F8FD68544}
	EndGlobalSection
EndGlobal
